
Microsoft Visual Studio Solution File, Format Version 12.00
# Visual Studio 15
VisualStudioVersion = 15.0.27004.2010
MinimumVisualStudioVersion = 10.0.40219.1
Project("{FAE04EC0-301F-11D3-BF4B-00C04F79EFBC}") = "01. LinqJoiningIntro", "01. LinqJoiningIntro\01. LinqJoiningIntro.csproj", "{2B82AF36-330C-4656-85CA-1689C35DBB30}"
EndProject
Project("{FAE04EC0-301F-11D3-BF4B-00C04F79EFBC}") = "02. GroupJoin", "02. GroupJoin\02. GroupJoin.csproj", "{733AE4AE-901F-45A3-A8EB-58AE6D8651A0}"
EndProject
Project("{FAE04EC0-301F-11D3-BF4B-00C04F79EFBC}") = "03. LeftOuterJoin", "03. LeftOuterJoin\03. LeftOuterJoin.csproj", "{7B1602DA-4B70-4158-95DC-AB552CB7D688}"
EndProject
Global
	GlobalSection(SolutionConfigurationPlatforms) = preSolution
		Debug|Any CPU = Debug|Any CPU
		Release|Any CPU = Release|Any CPU
	EndGlobalSection
	GlobalSection(ProjectConfigurationPlatforms) = postSolution
		{2B82AF36-330C-4656-85CA-1689C35DBB30}.Debug|Any CPU.ActiveCfg = Debug|Any CPU
		{2B82AF36-330C-4656-85CA-1689C35DBB30}.Debug|Any CPU.Build.0 = Debug|Any CPU
		{2B82AF36-330C-4656-85CA-1689C35DBB30}.Release|Any CPU.ActiveCfg = Release|Any CPU
		{2B82AF36-330C-4656-85CA-1689C35DBB30}.Release|Any CPU.Build.0 = Release|Any CPU
		{733AE4AE-901F-45A3-A8EB-58AE6D8651A0}.Debug|Any CPU.ActiveCfg = Debug|Any CPU
		{733AE4AE-901F-45A3-A8EB-58AE6D8651A0}.Debug|Any CPU.Build.0 = Debug|Any CPU
		{733AE4AE-901F-45A3-A8EB-58AE6D8651A0}.Release|Any CPU.ActiveCfg = Release|Any CPU
		{733AE4AE-901F-45A3-A8EB-58AE6D8651A0}.Release|Any CPU.Build.0 = Release|Any CPU
		{7B1602DA-4B70-4158-95DC-AB552CB7D688}.Debug|Any CPU.ActiveCfg = Debug|Any CPU
		{7B1602DA-4B70-4158-95DC-AB552CB7D688}.Debug|Any CPU.Build.0 = Debug|Any CPU
		{7B1602DA-4B70-4158-95DC-AB552CB7D688}.Release|Any CPU.ActiveCfg = Release|Any CPU
		{7B1602DA-4B70-4158-95DC-AB552CB7D688}.Release|Any CPU.Build.0 = Release|Any CPU
	EndGlobalSection
	GlobalSection(SolutionProperties) = preSolution
		HideSolutionNode = FALSE
	EndGlobalSection
	GlobalSection(ExtensibilityGlobals) = postSolution
		SolutionGuid = {80D5DDE6-45DB-439E-A309-43EE7291744B}
	EndGlobalSection
EndGlobal
