
Microsoft Visual Studio Solution File, Format Version 12.00
# Visual Studio 15
VisualStudioVersion = 15.0.27004.2010
MinimumVisualStudioVersion = 10.0.40219.1
Project("{FAE04EC0-301F-11D3-BF4B-00C04F79EFBC}") = "LambdaExamples", "LambdaExamples\LambdaExamples.csproj", "{8D7C5CAD-DF10-4F32-9EF3-2C6F51A3E7CF}"
EndProject
Global
	GlobalSection(SolutionConfigurationPlatforms) = preSolution
		Debug|Any CPU = Debug|Any CPU
		Release|Any CPU = Release|Any CPU
	EndGlobalSection
	GlobalSection(ProjectConfigurationPlatforms) = postSolution
		{8D7C5CAD-DF10-4F32-9EF3-2C6F51A3E7CF}.Debug|Any CPU.ActiveCfg = Debug|Any CPU
		{8D7C5CAD-DF10-4F32-9EF3-2C6F51A3E7CF}.Debug|Any CPU.Build.0 = Debug|Any CPU
		{8D7C5CAD-DF10-4F32-9EF3-2C6F51A3E7CF}.Release|Any CPU.ActiveCfg = Release|Any CPU
		{8D7C5CAD-DF10-4F32-9EF3-2C6F51A3E7CF}.Release|Any CPU.Build.0 = Release|Any CPU
	EndGlobalSection
	GlobalSection(SolutionProperties) = preSolution
		HideSolutionNode = FALSE
	EndGlobalSection
	GlobalSection(ExtensibilityGlobals) = postSolution
		SolutionGuid = {5B2832F0-3B60-4B78-B561-9A5E8255E720}
	EndGlobalSection
EndGlobal
